
Microsoft Visual Studio Solution File, Format Version 12.00
# Visual Studio Version 16
VisualStudioVersion = 16.0.29411.108
MinimumVisualStudioVersion = 10.0.40219.1
Project("{FAE04EC0-301F-11D3-BF4B-00C04F79EFBC}") = "XamlBug.UWP", "XamlBug\XamlBug.UWP\XamlBug.UWP.csproj", "{433975A4-8094-4F8C-9871-792B537D9054}"
EndProject
Project("{FAE04EC0-301F-11D3-BF4B-00C04F79EFBC}") = "XamlBug.Android", "XamlBug\XamlBug.Android\XamlBug.Android.csproj", "{C1D10CC2-2835-4BB3-8C8D-5FB6D427DD99}"
EndProject
Project("{FAE04EC0-301F-11D3-BF4B-00C04F79EFBC}") = "XamlBug.iOS", "XamlBug\XamlBug.iOS\XamlBug.iOS.csproj", "{57BD9E6D-242F-4254-A0D2-959B5BF78349}"
EndProject
Project("{FAE04EC0-301F-11D3-BF4B-00C04F79EFBC}") = "XamlBug", "XamlBug\XamlBug\XamlBug.csproj", "{E395BD45-5B55-4591-B876-099A4E252785}"
EndProject
Global
	GlobalSection(SolutionConfigurationPlatforms) = preSolution
		Debug|Any CPU = Debug|Any CPU
		Debug|ARM = Debug|ARM
		Debug|iPhone = Debug|iPhone
		Debug|iPhoneSimulator = Debug|iPhoneSimulator
		Debug|x64 = Debug|x64
		Debug|x86 = Debug|x86
		Release|Any CPU = Release|Any CPU
		Release|ARM = Release|ARM
		Release|iPhone = Release|iPhone
		Release|iPhoneSimulator = Release|iPhoneSimulator
		Release|x64 = Release|x64
		Release|x86 = Release|x86
	EndGlobalSection
	GlobalSection(ProjectConfigurationPlatforms) = postSolution
		{433975A4-8094-4F8C-9871-792B537D9054}.Debug|Any CPU.ActiveCfg = Debug|x86
		{433975A4-8094-4F8C-9871-792B537D9054}.Debug|Any CPU.Build.0 = Debug|x86
		{433975A4-8094-4F8C-9871-792B537D9054}.Debug|Any CPU.Deploy.0 = Debug|x86
		{433975A4-8094-4F8C-9871-792B537D9054}.Debug|ARM.ActiveCfg = Debug|ARM
		{433975A4-8094-4F8C-9871-792B537D9054}.Debug|ARM.Build.0 = Debug|ARM
		{433975A4-8094-4F8C-9871-792B537D9054}.Debug|ARM.Deploy.0 = Debug|ARM
		{433975A4-8094-4F8C-9871-792B537D9054}.Debug|iPhone.ActiveCfg = Debug|x86
		{433975A4-8094-4F8C-9871-792B537D9054}.Debug|iPhone.Build.0 = Debug|x86
		{433975A4-8094-4F8C-9871-792B537D9054}.Debug|iPhone.Deploy.0 = Debug|x86
		{433975A4-8094-4F8C-9871-792B537D9054}.Debug|iPhoneSimulator.ActiveCfg = Debug|x86
		{433975A4-8094-4F8C-9871-792B537D9054}.Debug|iPhoneSimulator.Build.0 = Debug|x86
		{433975A4-8094-4F8C-9871-792B537D9054}.Debug|iPhoneSimulator.Deploy.0 = Debug|x86
		{433975A4-8094-4F8C-9871-792B537D9054}.Debug|x64.ActiveCfg = Debug|x64
		{433975A4-8094-4F8C-9871-792B537D9054}.Debug|x64.Build.0 = Debug|x64
		{433975A4-8094-4F8C-9871-792B537D9054}.Debug|x64.Deploy.0 = Debug|x64
		{433975A4-8094-4F8C-9871-792B537D9054}.Debug|x86.ActiveCfg = Debug|x86
		{433975A4-8094-4F8C-9871-792B537D9054}.Debug|x86.Build.0 = Debug|x86
		{433975A4-8094-4F8C-9871-792B537D9054}.Debug|x86.Deploy.0 = Debug|x86
		{433975A4-8094-4F8C-9871-792B537D9054}.Release|Any CPU.ActiveCfg = Release|x86
		{433975A4-8094-4F8C-9871-792B537D9054}.Release|Any CPU.Build.0 = Release|x86
		{433975A4-8094-4F8C-9871-792B537D9054}.Release|Any CPU.Deploy.0 = Release|x86
		{433975A4-8094-4F8C-9871-792B537D9054}.Release|ARM.ActiveCfg = Release|ARM
		{433975A4-8094-4F8C-9871-792B537D9054}.Release|ARM.Build.0 = Release|ARM
		{433975A4-8094-4F8C-9871-792B537D9054}.Release|ARM.Deploy.0 = Release|ARM
		{433975A4-8094-4F8C-9871-792B537D9054}.Release|iPhone.ActiveCfg = Release|x86
		{433975A4-8094-4F8C-9871-792B537D9054}.Release|iPhone.Build.0 = Release|x86
		{433975A4-8094-4F8C-9871-792B537D9054}.Release|iPhone.Deploy.0 = Release|x86
		{433975A4-8094-4F8C-9871-792B537D9054}.Release|iPhoneSimulator.ActiveCfg = Release|x86
		{433975A4-8094-4F8C-9871-792B537D9054}.Release|iPhoneSimulator.Build.0 = Release|x86
		{433975A4-8094-4F8C-9871-792B537D9054}.Release|iPhoneSimulator.Deploy.0 = Release|x86
		{433975A4-8094-4F8C-9871-792B537D9054}.Release|x64.ActiveCfg = Release|x64
		{433975A4-8094-4F8C-9871-792B537D9054}.Release|x64.Build.0 = Release|x64
		{433975A4-8094-4F8C-9871-792B537D9054}.Release|x64.Deploy.0 = Release|x64
		{433975A4-8094-4F8C-9871-792B537D9054}.Release|x86.ActiveCfg = Release|x86
		{433975A4-8094-4F8C-9871-792B537D9054}.Release|x86.Build.0 = Release|x86
		{433975A4-8094-4F8C-9871-792B537D9054}.Release|x86.Deploy.0 = Release|x86
		{C1D10CC2-2835-4BB3-8C8D-5FB6D427DD99}.Debug|Any CPU.ActiveCfg = Debug|Any CPU
		{C1D10CC2-2835-4BB3-8C8D-5FB6D427DD99}.Debug|Any CPU.Build.0 = Debug|Any CPU
		{C1D10CC2-2835-4BB3-8C8D-5FB6D427DD99}.Debug|Any CPU.Deploy.0 = Debug|Any CPU
		{C1D10CC2-2835-4BB3-8C8D-5FB6D427DD99}.Debug|ARM.ActiveCfg = Debug|Any CPU
		{C1D10CC2-2835-4BB3-8C8D-5FB6D427DD99}.Debug|ARM.Build.0 = Debug|Any CPU
		{C1D10CC2-2835-4BB3-8C8D-5FB6D427DD99}.Debug|ARM.Deploy.0 = Debug|Any CPU
		{C1D10CC2-2835-4BB3-8C8D-5FB6D427DD99}.Debug|iPhone.ActiveCfg = Debug|Any CPU
		{C1D10CC2-2835-4BB3-8C8D-5FB6D427DD99}.Debug|iPhone.Build.0 = Debug|Any CPU
		{C1D10CC2-2835-4BB3-8C8D-5FB6D427DD99}.Debug|iPhone.Deploy.0 = Debug|Any CPU
		{C1D10CC2-2835-4BB3-8C8D-5FB6D427DD99}.Debug|iPhoneSimulator.ActiveCfg = Debug|Any CPU
		{C1D10CC2-2835-4BB3-8C8D-5FB6D427DD99}.Debug|iPhoneSimulator.Build.0 = Debug|Any CPU
		{C1D10CC2-2835-4BB3-8C8D-5FB6D427DD99}.Debug|iPhoneSimulator.Deploy.0 = Debug|Any CPU
		{C1D10CC2-2835-4BB3-8C8D-5FB6D427DD99}.Debug|x64.ActiveCfg = Debug|Any CPU
		{C1D10CC2-2835-4BB3-8C8D-5FB6D427DD99}.Debug|x64.Build.0 = Debug|Any CPU
		{C1D10CC2-2835-4BB3-8C8D-5FB6D427DD99}.Debug|x64.Deploy.0 = Debug|Any CPU
		{C1D10CC2-2835-4BB3-8C8D-5FB6D427DD99}.Debug|x86.ActiveCfg = Debug|Any CPU
		{C1D10CC2-2835-4BB3-8C8D-5FB6D427DD99}.Debug|x86.Build.0 = Debug|Any CPU
		{C1D10CC2-2835-4BB3-8C8D-5FB6D427DD99}.Debug|x86.Deploy.0 = Debug|Any CPU
		{C1D10CC2-2835-4BB3-8C8D-5FB6D427DD99}.Release|Any CPU.ActiveCfg = Release|Any CPU
		{C1D10CC2-2835-4BB3-8C8D-5FB6D427DD99}.Release|Any CPU.Build.0 = Release|Any CPU
		{C1D10CC2-2835-4BB3-8C8D-5FB6D427DD99}.Release|Any CPU.Deploy.0 = Release|Any CPU
		{C1D10CC2-2835-4BB3-8C8D-5FB6D427DD99}.Release|ARM.ActiveCfg = Release|Any CPU
		{C1D10CC2-2835-4BB3-8C8D-5FB6D427DD99}.Release|ARM.Build.0 = Release|Any CPU
		{C1D10CC2-2835-4BB3-8C8D-5FB6D427DD99}.Release|ARM.Deploy.0 = Release|Any CPU
		{C1D10CC2-2835-4BB3-8C8D-5FB6D427DD99}.Release|iPhone.ActiveCfg = Release|Any CPU
		{C1D10CC2-2835-4BB3-8C8D-5FB6D427DD99}.Release|iPhone.Build.0 = Release|Any CPU
		{C1D10CC2-2835-4BB3-8C8D-5FB6D427DD99}.Release|iPhone.Deploy.0 = Release|Any CPU
		{C1D10CC2-2835-4BB3-8C8D-5FB6D427DD99}.Release|iPhoneSimulator.ActiveCfg = Release|Any CPU
		{C1D10CC2-2835-4BB3-8C8D-5FB6D427DD99}.Release|iPhoneSimulator.Build.0 = Release|Any CPU
		{C1D10CC2-2835-4BB3-8C8D-5FB6D427DD99}.Release|iPhoneSimulator.Deploy.0 = Release|Any CPU
		{C1D10CC2-2835-4BB3-8C8D-5FB6D427DD99}.Release|x64.ActiveCfg = Release|Any CPU
		{C1D10CC2-2835-4BB3-8C8D-5FB6D427DD99}.Release|x64.Build.0 = Release|Any CPU
		{C1D10CC2-2835-4BB3-8C8D-5FB6D427DD99}.Release|x64.Deploy.0 = Release|Any CPU
		{C1D10CC2-2835-4BB3-8C8D-5FB6D427DD99}.Release|x86.ActiveCfg = Release|Any CPU
		{C1D10CC2-2835-4BB3-8C8D-5FB6D427DD99}.Release|x86.Build.0 = Release|Any CPU
		{C1D10CC2-2835-4BB3-8C8D-5FB6D427DD99}.Release|x86.Deploy.0 = Release|Any CPU
		{57BD9E6D-242F-4254-A0D2-959B5BF78349}.Debug|Any CPU.ActiveCfg = Debug|iPhone
		{57BD9E6D-242F-4254-A0D2-959B5BF78349}.Debug|Any CPU.Build.0 = Debug|iPhone
		{57BD9E6D-242F-4254-A0D2-959B5BF78349}.Debug|Any CPU.Deploy.0 = Debug|iPhone
		{57BD9E6D-242F-4254-A0D2-959B5BF78349}.Debug|ARM.ActiveCfg = Debug|iPhoneSimulator
		{57BD9E6D-242F-4254-A0D2-959B5BF78349}.Debug|ARM.Build.0 = Debug|iPhoneSimulator
		{57BD9E6D-242F-4254-A0D2-959B5BF78349}.Debug|ARM.Deploy.0 = Debug|iPhoneSimulator
		{57BD9E6D-242F-4254-A0D2-959B5BF78349}.Debug|iPhone.ActiveCfg = Debug|iPhone
		{57BD9E6D-242F-4254-A0D2-959B5BF78349}.Debug|iPhone.Build.0 = Debug|iPhone
		{57BD9E6D-242F-4254-A0D2-959B5BF78349}.Debug|iPhone.Deploy.0 = Debug|iPhone
		{57BD9E6D-242F-4254-A0D2-959B5BF78349}.Debug|iPhoneSimulator.ActiveCfg = Debug|iPhoneSimulator
		{57BD9E6D-242F-4254-A0D2-959B5BF78349}.Debug|iPhoneSimulator.Build.0 = Debug|iPhoneSimulator
		{57BD9E6D-242F-4254-A0D2-959B5BF78349}.Debug|iPhoneSimulator.Deploy.0 = Debug|iPhoneSimulator
		{57BD9E6D-242F-4254-A0D2-959B5BF78349}.Debug|x64.ActiveCfg = Debug|iPhone
		{57BD9E6D-242F-4254-A0D2-959B5BF78349}.Debug|x64.Build.0 = Debug|iPhone
		{57BD9E6D-242F-4254-A0D2-959B5BF78349}.Debug|x64.Deploy.0 = Debug|iPhone
		{57BD9E6D-242F-4254-A0D2-959B5BF78349}.Debug|x86.ActiveCfg = Debug|iPhone
		{57BD9E6D-242F-4254-A0D2-959B5BF78349}.Debug|x86.Build.0 = Debug|iPhone
		{57BD9E6D-242F-4254-A0D2-959B5BF78349}.Debug|x86.Deploy.0 = Debug|iPhone
		{57BD9E6D-242F-4254-A0D2-959B5BF78349}.Release|Any CPU.ActiveCfg = Release|iPhone
		{57BD9E6D-242F-4254-A0D2-959B5BF78349}.Release|Any CPU.Build.0 = Release|iPhone
		{57BD9E6D-242F-4254-A0D2-959B5BF78349}.Release|Any CPU.Deploy.0 = Release|iPhone
		{57BD9E6D-242F-4254-A0D2-959B5BF78349}.Release|ARM.ActiveCfg = Release|iPhone
		{57BD9E6D-242F-4254-A0D2-959B5BF78349}.Release|ARM.Build.0 = Release|iPhone
		{57BD9E6D-242F-4254-A0D2-959B5BF78349}.Release|ARM.Deploy.0 = Release|iPhone
		{57BD9E6D-242F-4254-A0D2-959B5BF78349}.Release|iPhone.ActiveCfg = Release|iPhone
		{57BD9E6D-242F-4254-A0D2-959B5BF78349}.Release|iPhone.Build.0 = Release|iPhone
		{57BD9E6D-242F-4254-A0D2-959B5BF78349}.Release|iPhone.Deploy.0 = Release|iPhone
		{57BD9E6D-242F-4254-A0D2-959B5BF78349}.Release|iPhoneSimulator.ActiveCfg = Release|iPhoneSimulator
		{57BD9E6D-242F-4254-A0D2-959B5BF78349}.Release|iPhoneSimulator.Build.0 = Release|iPhoneSimulator
		{57BD9E6D-242F-4254-A0D2-959B5BF78349}.Release|iPhoneSimulator.Deploy.0 = Release|iPhoneSimulator
		{57BD9E6D-242F-4254-A0D2-959B5BF78349}.Release|x64.ActiveCfg = Release|iPhone
		{57BD9E6D-242F-4254-A0D2-959B5BF78349}.Release|x64.Build.0 = Release|iPhone
		{57BD9E6D-242F-4254-A0D2-959B5BF78349}.Release|x64.Deploy.0 = Release|iPhone
		{57BD9E6D-242F-4254-A0D2-959B5BF78349}.Release|x86.ActiveCfg = Release|iPhone
		{57BD9E6D-242F-4254-A0D2-959B5BF78349}.Release|x86.Build.0 = Release|iPhone
		{57BD9E6D-242F-4254-A0D2-959B5BF78349}.Release|x86.Deploy.0 = Release|iPhone
		{E395BD45-5B55-4591-B876-099A4E252785}.Debug|Any CPU.ActiveCfg = Debug|Any CPU
		{E395BD45-5B55-4591-B876-099A4E252785}.Debug|Any CPU.Build.0 = Debug|Any CPU
		{E395BD45-5B55-4591-B876-099A4E252785}.Debug|Any CPU.Deploy.0 = Debug|Any CPU
		{E395BD45-5B55-4591-B876-099A4E252785}.Debug|ARM.ActiveCfg = Debug|Any CPU
		{E395BD45-5B55-4591-B876-099A4E252785}.Debug|ARM.Build.0 = Debug|Any CPU
		{E395BD45-5B55-4591-B876-099A4E252785}.Debug|ARM.Deploy.0 = Debug|Any CPU
		{E395BD45-5B55-4591-B876-099A4E252785}.Debug|iPhone.ActiveCfg = Debug|Any CPU
		{E395BD45-5B55-4591-B876-099A4E252785}.Debug|iPhone.Build.0 = Debug|Any CPU
		{E395BD45-5B55-4591-B876-099A4E252785}.Debug|iPhone.Deploy.0 = Debug|Any CPU
		{E395BD45-5B55-4591-B876-099A4E252785}.Debug|iPhoneSimulator.ActiveCfg = Debug|Any CPU
		{E395BD45-5B55-4591-B876-099A4E252785}.Debug|iPhoneSimulator.Build.0 = Debug|Any CPU
		{E395BD45-5B55-4591-B876-099A4E252785}.Debug|iPhoneSimulator.Deploy.0 = Debug|Any CPU
		{E395BD45-5B55-4591-B876-099A4E252785}.Debug|x64.ActiveCfg = Debug|Any CPU
		{E395BD45-5B55-4591-B876-099A4E252785}.Debug|x64.Build.0 = Debug|Any CPU
		{E395BD45-5B55-4591-B876-099A4E252785}.Debug|x64.Deploy.0 = Debug|Any CPU
		{E395BD45-5B55-4591-B876-099A4E252785}.Debug|x86.ActiveCfg = Debug|Any CPU
		{E395BD45-5B55-4591-B876-099A4E252785}.Debug|x86.Build.0 = Debug|Any CPU
		{E395BD45-5B55-4591-B876-099A4E252785}.Debug|x86.Deploy.0 = Debug|Any CPU
		{E395BD45-5B55-4591-B876-099A4E252785}.Release|Any CPU.ActiveCfg = Release|Any CPU
		{E395BD45-5B55-4591-B876-099A4E252785}.Release|Any CPU.Build.0 = Release|Any CPU
		{E395BD45-5B55-4591-B876-099A4E252785}.Release|Any CPU.Deploy.0 = Release|Any CPU
		{E395BD45-5B55-4591-B876-099A4E252785}.Release|ARM.ActiveCfg = Release|Any CPU
		{E395BD45-5B55-4591-B876-099A4E252785}.Release|ARM.Build.0 = Release|Any CPU
		{E395BD45-5B55-4591-B876-099A4E252785}.Release|ARM.Deploy.0 = Release|Any CPU
		{E395BD45-5B55-4591-B876-099A4E252785}.Release|iPhone.ActiveCfg = Release|Any CPU
		{E395BD45-5B55-4591-B876-099A4E252785}.Release|iPhone.Build.0 = Release|Any CPU
		{E395BD45-5B55-4591-B876-099A4E252785}.Release|iPhone.Deploy.0 = Release|Any CPU
		{E395BD45-5B55-4591-B876-099A4E252785}.Release|iPhoneSimulator.ActiveCfg = Release|Any CPU
		{E395BD45-5B55-4591-B876-099A4E252785}.Release|iPhoneSimulator.Build.0 = Release|Any CPU
		{E395BD45-5B55-4591-B876-099A4E252785}.Release|iPhoneSimulator.Deploy.0 = Release|Any CPU
		{E395BD45-5B55-4591-B876-099A4E252785}.Release|x64.ActiveCfg = Release|Any CPU
		{E395BD45-5B55-4591-B876-099A4E252785}.Release|x64.Build.0 = Release|Any CPU
		{E395BD45-5B55-4591-B876-099A4E252785}.Release|x64.Deploy.0 = Release|Any CPU
		{E395BD45-5B55-4591-B876-099A4E252785}.Release|x86.ActiveCfg = Release|Any CPU
		{E395BD45-5B55-4591-B876-099A4E252785}.Release|x86.Build.0 = Release|Any CPU
		{E395BD45-5B55-4591-B876-099A4E252785}.Release|x86.Deploy.0 = Release|Any CPU
	EndGlobalSection
	GlobalSection(SolutionProperties) = preSolution
		HideSolutionNode = FALSE
	EndGlobalSection
	GlobalSection(ExtensibilityGlobals) = postSolution
		SolutionGuid = {9377BA97-8AC5-4505-9D08-D4DAC6386610}
	EndGlobalSection
EndGlobal
